// !$*UTF8*$!
{
	archiveVersion = 1;
	classes = {
	};
	objectVersion = 46;
	objects = {

/* Begin PBXBuildFile section */
		B70C10CE1F06A76700F9C123 /* main.m in Sources */ = {isa = PBXBuildFile; fileRef = B70C10CD1F06A76700F9C123 /* main.m */; };
		B70C10D11F06A76700F9C123 /* AppDelegate.m in Sources */ = {isa = PBXBuildFile; fileRef = B70C10D01F06A76700F9C123 /* AppDelegate.m */; };
		B70C10D41F06A76700F9C123 /* ViewController.m in Sources */ = {isa = PBXBuildFile; fileRef = B70C10D31F06A76700F9C123 /* ViewController.m */; };
		B70C10D71F06A76700F9C123 /* Main.storyboard in Resources */ = {isa = PBXBuildFile; fileRef = B70C10D51F06A76700F9C123 /* Main.storyboard */; };
		B70C10D91F06A76700F9C123 /* Assets.xcassets in Resources */ = {isa = PBXBuildFile; fileRef = B70C10D81F06A76700F9C123 /* Assets.xcassets */; };
		B70C10DC1F06A76700F9C123 /* LaunchScreen.storyboard in Resources */ = {isa = PBXBuildFile; fileRef = B70C10DA1F06A76700F9C123 /* LaunchScreen.storyboard */; };
		B73F9F531F0707C60023DFF0 /* UILogger.framework in Frameworks */ = {isa = PBXBuildFile; fileRef = B73F9F521F0707C60023DFF0 /* UILogger.framework */; settings = {ATTRIBUTES = (Weak, ); }; };
		B73F9F551F0707D90023DFF0 /* UILogger.framework in CopyFiles */ = {isa = PBXBuildFile; fileRef = B73F9F521F0707C60023DFF0 /* UILogger.framework */; settings = {ATTRIBUTES = (CodeSignOnCopy, RemoveHeadersOnCopy, ); }; };
/* End PBXBuildFile section */

/* Begin PBXCopyFilesBuildPhase section */
		B73F9F541F0707D10023DFF0 /* CopyFiles */ = {
			isa = PBXCopyFilesBuildPhase;
			buildActionMask = 2147483647;
			dstPath = "";
			dstSubfolderSpec = 10;
			files = (
				B73F9F551F0707D90023DFF0 /* UILogger.framework in CopyFiles */,
			);
			runOnlyForDeploymentPostprocessing = 0;
		};
/* End PBXCopyFilesBuildPhase section */

/* Begin PBXFileReference section */
		B70C10C91F06A76700F9C123 /* TestUILogger.app */ = {isa = PBXFileReference; explicitFileType = wrapper.application; includeInIndex = 0; path = TestUILogger.app; sourceTree = BUILT_PRODUCTS_DIR; };
		B70C10CD1F06A76700F9C123 /* main.m */ = {isa = PBXFileReference; lastKnownFileType = sourcecode.c.objc; path = main.m; sourceTree = "<group>"; };
		B70C10CF1F06A76700F9C123 /* AppDelegate.h */ = {isa = PBXFileReference; lastKnownFileType = sourcecode.c.h; path = AppDelegate.h; sourceTree = "<group>"; };
		B70C10D01F06A76700F9C123 /* AppDelegate.m */ = {isa = PBXFileReference; lastKnownFileType = sourcecode.c.objc; path = AppDelegate.m; sourceTree = "<group>"; };
		B70C10D21F06A76700F9C123 /* ViewController.h */ = {isa = PBXFileReference; lastKnownFileType = sourcecode.c.h; path = ViewController.h; sourceTree = "<group>"; };
		B70C10D31F06A76700F9C123 /* ViewController.m */ = {isa = PBXFileReference; lastKnownFileType = sourcecode.c.objc; path = ViewController.m; sourceTree = "<group>"; };
		B70C10D61F06A76700F9C123 /* Base */ = {isa = PBXFileReference; lastKnownFileType = file.storyboard; name = Base; path = Base.lproj/Main.storyboard; sourceTree = "<group>"; };
		B70C10D81F06A76700F9C123 /* Assets.xcassets */ = {isa = PBXFileReference; lastKnownFileType = folder.assetcatalog; path = Assets.xcassets; sourceTree = "<group>"; };
		B70C10DB1F06A76700F9C123 /* Base */ = {isa = PBXFileReference; lastKnownFileType = file.storyboard; name = Base; path = Base.lproj/LaunchScreen.storyboard; sourceTree = "<group>"; };
		B70C10DD1F06A76700F9C123 /* Info.plist */ = {isa = PBXFileReference; lastKnownFileType = text.plist.xml; path = Info.plist; sourceTree = "<group>"; };
		B73F9F521F0707C60023DFF0 /* UILogger.framework */ = {isa = PBXFileReference; lastKnownFileType = wrapper.framework; path = UILogger.framework; sourceTree = "<group>"; };
/* End PBXFileReference section */

/* Begin PBXFrameworksBuildPhase section */
		B70C10C61F06A76700F9C123 /* Frameworks */ = {
			isa = PBXFrameworksBuildPhase;
			buildActionMask = 2147483647;
			files = (
				B73F9F531F0707C60023DFF0 /* UILogger.framework in Frameworks */,
			);
			runOnlyForDeploymentPostprocessing = 0;
		};
/* End PBXFrameworksBuildPhase section */

/* Begin PBXGroup section */
		B70C10C01F06A76700F9C123 = {
			isa = PBXGroup;
			children = (
				B70C10CB1F06A76700F9C123 /* TestUILogger */,
				B70C10CA1F06A76700F9C123 /* Products */,
			);
			sourceTree = "<group>";
		};
		B70C10CA1F06A76700F9C123 /* Products */ = {
			isa = PBXGroup;
			children = (
				B70C10C91F06A76700F9C123 /* TestUILogger.app */,
			);
			name = Products;
			sourceTree = "<group>";
		};
		B70C10CB1F06A76700F9C123 /* TestUILogger */ = {
			isa = PBXGroup;
			children = (
				B73F9F521F0707C60023DFF0 /* UILogger.framework */,
				B70C10CF1F06A76700F9C123 /* AppDelegate.h */,
				B70C10D01F06A76700F9C123 /* AppDelegate.m */,
				B70C10D21F06A76700F9C123 /* ViewController.h */,
				B70C10D31F06A76700F9C123 /* ViewController.m */,
				B70C10D51F06A76700F9C123 /* Main.storyboard */,
				B70C10D81F06A76700F9C123 /* Assets.xcassets */,
				B70C10DA1F06A76700F9C123 /* LaunchScreen.storyboard */,
				B70C10DD1F06A76700F9C123 /* Info.plist */,
				B70C10CC1F06A76700F9C123 /* Supporting Files */,
			);
			path = TestUILogger;
			sourceTree = "<group>";
		};
		B70C10CC1F06A76700F9C123 /* Supporting Files */ = {
			isa = PBXGroup;
			children = (
				B70C10CD1F06A76700F9C123 /* main.m */,
			);
			name = "Supporting Files";
			sourceTree = "<group>";
		};
/* End PBXGroup section */

/* Begin PBXNativeTarget section */
		B70C10C81F06A76700F9C123 /* TestUILogger */ = {
			isa = PBXNativeTarget;
			buildConfigurationList = B70C10E01F06A76700F9C123 /* Build configuration list for PBXNativeTarget "TestUILogger" */;
			buildPhases = (
				B70C10C51F06A76700F9C123 /* Sources */,
				B70C10C61F06A76700F9C123 /* Frameworks */,
				B70C10C71F06A76700F9C123 /* Resources */,
				B73F9F541F0707D10023DFF0 /* CopyFiles */,
			);
			buildRules = (
			);
			dependencies = (
			);
			name = TestUILogger;
			productName = TestUILogger;
			productReference = B70C10C91F06A76700F9C123 /* TestUILogger.app */;
			productType = "com.apple.product-type.application";
		};
/* End PBXNativeTarget section */

/* Begin PBXProject section */
		B70C10C11F06A76700F9C123 /* Project object */ = {
			isa = PBXProject;
			attributes = {
				LastUpgradeCheck = 0830;
				ORGANIZATIONNAME = Bouzikas;
				TargetAttributes = {
					B70C10C81F06A76700F9C123 = {
						CreatedOnToolsVersion = 8.3.3;
						DevelopmentTeam = E239VXY2B6;
						ProvisioningStyle = Automatic;
					};
				};
			};
			buildConfigurationList = B70C10C41F06A76700F9C123 /* Build configuration list for PBXProject "TestUILogger" */;
			compatibilityVersion = "Xcode 3.2";
			developmentRegion = English;
			hasScannedForEncodings = 0;
			knownRegions = (
				en,
				Base,
			);
			mainGroup = B70C10C01F06A76700F9C123;
			productRefGroup = B70C10CA1F06A76700F9C123 /* Products */;
			projectDirPath = "";
			projectRoot = "";
			targets = (
				B70C10C81F06A76700F9C123 /* TestUILogger */,
			);
		};
/* End PBXProject section */

/* Begin PBXResourcesBuildPhase section */
		B70C10C71F06A76700F9C123 /* Resources */ = {
			isa = PBXResourcesBuildPhase;
			buildActionMask = 2147483647;
			files = (
				B70C10DC1F06A76700F9C123 /* LaunchScreen.storyboard in Resources */,
				B70C10D91F06A76700F9C123 /* Assets.xcassets in Resources */,
				B70C10D71F06A76700F9C123 /* Main.storyboard in Resources */,
			);
			runOnlyForDeploymentPostprocessing = 0;
		};
/* End PBXResourcesBuildPhase section */

/* Begin PBXSourcesBuildPhase section */
		B70C10C51F06A76700F9C123 /* Sources */ = {
			isa = PBXSourcesBuildPhase;
			buildActionMask = 2147483647;
			files = (
				B70C10D41F06A76700F9C123 /* ViewController.m in Sources */,
				B70C10D11F06A76700F9C123 /* AppDelegate.m in Sources */,
				B70C10CE1F06A76700F9C123 /* main.m in Sources */,
			);
			runOnlyForDeploymentPostprocessing = 0;
		};
/* End PBXSourcesBuildPhase section */

/* Begin PBXVariantGroup section */
		B70C10D51F06A76700F9C123 /* Main.storyboard */ = {
			isa = PBXVariantGroup;
			children = (
				B70C10D61F06A76700F9C123 /* Base */,
			);
			name = Main.storyboard;
			sourceTree = "<group>";
		};
		B70C10DA1F06A76700F9C123 /* LaunchScreen.storyboard */ = {
			isa = PBXVariantGroup;
			children = (
				B70C10DB1F06A76700F9C123 /* Base */,
			);
			name = LaunchScreen.storyboard;
			sourceTree = "<group>";
		};
/* End PBXVariantGroup section */

/* Begin XCBuildConfiguration section */
		B70C10DE1F06A76700F9C123 /* Debug */ = {
			isa = XCBuildConfiguration;
			buildSettings = {
				ALWAYS_SEARCH_USER_PATHS = NO;
				CLANG_ANALYZER_NONNULL = YES;
				CLANG_ANALYZER_NUMBER_OBJECT_CONVERSION = YES_AGGRESSIVE;
				CLANG_CXX_LANGUAGE_STANDARD = "gnu++0x";
				CLANG_CXX_LIBRARY = "libc++";
				CLANG_ENABLE_MODULES = YES;
				CLANG_ENABLE_OBJC_ARC = YES;
				CLANG_WARN_BOOL_CONVERSION = YES;
				CLANG_WARN_CONSTANT_CONVERSION = YES;
				CLANG_WARN_DIRECT_OBJC_ISA_USAGE = YES_ERROR;
				CLANG_WARN_DOCUMENTATION_COMMENTS = YES;
				CLANG_WARN_EMPTY_BODY = YES;
				CLANG_WARN_ENUM_CONVERSION = YES;
				CLANG_WARN_INFINITE_RECURSION = YES;
				CLANG_WARN_INT_CONVERSION = YES;
				CLANG_WARN_OBJC_ROOT_CLASS = YES_ERROR;
				CLANG_WARN_SUSPICIOUS_MOVE = YES;
				CLANG_WARN_UNREACHABLE_CODE = YES;
				CLANG_WARN__DUPLICATE_METHOD_MATCH = YES;
				"CODE_SIGN_IDENTITY[sdk=iphoneos*]" = "iPhone Developer";
				COPY_PHASE_STRIP = NO;
				DEBUG_INFORMATION_FORMAT = dwarf;
				ENABLE_STRICT_OBJC_MSGSEND = YES;
				ENABLE_TESTABILITY = YES;
				GCC_C_LANGUAGE_STANDARD = gnu99;
				GCC_DYNAMIC_NO_PIC = NO;
				GCC_NO_COMMON_BLOCKS = YES;
				GCC_OPTIMIZATION_LEVEL = 0;
				GCC_PREPROCESSOR_DEFINITIONS = (
					"DEBUG=1",
					"$(inherited)",
				);
				GCC_WARN_64_TO_32_BIT_CONVERSION = YES;
				GCC_WARN_ABOUT_RETURN_TYPE = YES_ERROR;
				GCC_WARN_UNDECLARED_SELECTOR = YES;
				GCC_WARN_UNINITIALIZED_AUTOS = YES_AGGRESSIVE;
				GCC_WARN_UNUSED_FUNCTION = YES;
				GCC_WARN_UNUSED_VARIABLE = YES;
				IPHONEOS_DEPLOYMENT_TARGET = 10.3;
				MTL_ENABLE_DEBUG_INFO = YES;
				ONLY_ACTIVE_ARCH = YES;
				SDKROOT = iphoneos;
			};
			name = Debug;
		};
		B70C10DF1F06A76700F9C123 /* Release */ = {
			isa = XCBuildConfiguration;
			buildSettings = {
				ALWAYS_SEARCH_USER_PATHS = NO;
				CLANG_ANALYZER_NONNULL = YES;
				CLANG_ANALYZER_NUMBER_OBJECT_CONVERSION = YES_AGGRESSIVE;
				CLANG_CXX_LANGUAGE_STANDARD = "gnu++0x";
				CLANG_CXX_LIBRARY = "libc++";
				CLANG_ENABLE_MODULES = YES;
				CLANG_ENABLE_OBJC_ARC = YES;
				CLANG_WARN_BOOL_CONVERSION = YES;
				CLANG_WARN_CONSTANT_CONVERSION = YES;
				CLANG_WARN_DIRECT_OBJC_ISA_USAGE = YES_ERROR;
				CLANG_WARN_DOCUMENTATION_COMMENTS = YES;
				CLANG_WARN_EMPTY_BODY = YES;
				CLANG_WARN_ENUM_CONVERSION = YES;
				CLANG_WARN_INFINITE_RECURSION = YES;
				CLANG_WARN_INT_CONVERSION = YES;
				CLANG_WARN_OBJC_ROOT_CLASS = YES_ERROR;
				CLANG_WARN_SUSPICIOUS_MOVE = YES;
				CLANG_WARN_UNREACHABLE_CODE = YES;
				CLANG_WARN__DUPLICATE_METHOD_MATCH = YES;
				"CODE_SIGN_IDENTITY[sdk=iphoneos*]" = "iPhone Developer";
				COPY_PHASE_STRIP = NO;
				DEBUG_INFORMATION_FORMAT = "dwarf-with-dsym";
				ENABLE_NS_ASSERTIONS = NO;
				ENABLE_STRICT_OBJC_MSGSEND = YES;
				GCC_C_LANGUAGE_STANDARD = gnu99;
				GCC_NO_COMMON_BLOCKS = YES;
				GCC_WARN_64_TO_32_BIT_CONVERSION = YES;
				GCC_WARN_ABOUT_RETURN_TYPE = YES_ERROR;
				GCC_WARN_UNDECLARED_SELECTOR = YES;
				GCC_WARN_UNINITIALIZED_AUTOS = YES_AGGRESSIVE;
				GCC_WARN_UNUSED_FUNCTION = YES;
				GCC_WARN_UNUSED_VARIABLE = YES;
				IPHONEOS_DEPLOYMENT_TARGET = 10.3;
				MTL_ENABLE_DEBUG_INFO = NO;
				SDKROOT = iphoneos;
				VALIDATE_PRODUCT = YES;
			};
			name = Release;
		};
		B70C10E11F06A76700F9C123 /* Debug */ = {
			isa = XCBuildConfiguration;
			buildSettings = {
				ASSETCATALOG_COMPILER_APPICON_NAME = AppIcon;
				DEVELOPMENT_TEAM = E239VXY2B6;
				FRAMEWORK_SEARCH_PATHS = (
					"$(inherited)",
					"$(PROJECT_DIR)/TestUILogger",
				);
				INFOPLIST_FILE = TestUILogger/Info.plist;
				LD_RUNPATH_SEARCH_PATHS = "$(inherited) @executable_path/Frameworks";
				PRODUCT_BUNDLE_IDENTIFIER = com.bouzikas.TestUILogger;
				PRODUCT_NAME = "$(TARGET_NAME)";
			};
			name = Debug;
		};
		B70C10E21F06A76700F9C123 /* Release */ = {
			isa = XCBuildConfiguration;
			buildSettings = {
				ASSETCATALOG_COMPILER_APPICON_NAME = AppIcon;
				DEVELOPMENT_TEAM = E239VXY2B6;
				FRAMEWORK_SEARCH_PATHS = (
					"$(inherited)",
					"$(PROJECT_DIR)/TestUILogger",
				);
				INFOPLIST_FILE = TestUILogger/Info.plist;
				LD_RUNPATH_SEARCH_PATHS = "$(inherited) @executable_path/Frameworks";
				PRODUCT_BUNDLE_IDENTIFIER = com.bouzikas.TestUILogger;
				PRODUCT_NAME = "$(TARGET_NAME)";
			};
			name = Release;
		};
/* End XCBuildConfiguration section */

/* Begin XCConfigurationList section */
		B70C10C41F06A76700F9C123 /* Build configuration list for PBXProject "TestUILogger" */ = {
			isa = XCConfigurationList;
			buildConfigurations = (
				B70C10DE1F06A76700F9C123 /* Debug */,
				B70C10DF1F06A76700F9C123 /* Release */,
			);
			defaultConfigurationIsVisible = 0;
			defaultConfigurationName = Release;
		};
		B70C10E01F06A76700F9C123 /* Build configuration list for PBXNativeTarget "TestUILogger" */ = {
			isa = XCConfigurationList;
			buildConfigurations = (
				B70C10E11F06A76700F9C123 /* Debug */,
				B70C10E21F06A76700F9C123 /* Release */,
			);
			defaultConfigurationIsVisible = 0;
			defaultConfigurationName = Release;
		};
/* End XCConfigurationList section */
	};
	rootObject = B70C10C11F06A76700F9C123 /* Project object */;
}
